<?xml version="1.0" encoding="UTF-8" standalone="yes" ?>
<CodeBlocks_project_file>
	<FileVersion major="1" minor="6" />
	<Project>
		<Option title="image_vectorizer" />
		<Option pch_mode="2" />
		<Option compiler="gcc" />
		<Build>
			<Target title="Debug">
				<Option output="bin/Debug/image_vectorizer" prefix_auto="1" extension_auto="1" />
				<Option object_output="obj/Debug/" />
				<Option type="1" />
				<Option compiler="gcc" />
				<Compiler>
					<Add option="-g" />
				</Compiler>
			</Target>
			<Target title="Release">
				<Option output="bin/Release/image_vectorizer" prefix_auto="1" extension_auto="1" />
				<Option object_output="obj/Release/" />
				<Option type="1" />
				<Option compiler="gcc" />
				<Compiler>
					<Add option="-Wall" />
				</Compiler>
				<Linker>
					<Add option="-s" />
				</Linker>
			</Target>
		</Build>
		<Compiler>
			<Add option="-Wall" />
			<Add option="-pg" />
			<Add directory="../image_vectorizer" />
			<Add directory="cvm_shared" />
		</Compiler>
		<Linker>
			<Add option="-pg" />
			<Add library="SDL2" />
			<Add library="SDL2_ttf" />
			<Add library="SDL2_image" />
			<Add library="GL" />
			<Add library="libatomic" />
		</Linker>
		<Unit filename="LICENSE" />
		<Unit filename="README" />
		<Unit filename="TODO" />
		<Unit filename="cvm_shared/cvm_camera.c">
			<Option compilerVar="CC" />
		</Unit>
		<Unit filename="cvm_shared/cvm_camera.h" />
		<Unit filename="cvm_shared/cvm_data_structures.c">
			<Option compilerVar="CC" />
		</Unit>
		<Unit filename="cvm_shared/cvm_data_structures.h" />
		<Unit filename="cvm_shared/cvm_gl_functions.c">
			<Option compilerVar="CC" />
		</Unit>
		<Unit filename="cvm_shared/cvm_gl_functions.h" />
		<Unit filename="cvm_shared/cvm_managed_buffer.c">
			<Option compilerVar="CC" />
		</Unit>
		<Unit filename="cvm_shared/cvm_managed_buffer.h" />
		<Unit filename="cvm_shared/cvm_math.c">
			<Option compilerVar="CC" />
		</Unit>
		<Unit filename="cvm_shared/cvm_math.h" />
		<Unit filename="cvm_shared/cvm_mesh.c">
			<Option compilerVar="CC" />
		</Unit>
		<Unit filename="cvm_shared/cvm_mesh.h" />
		<Unit filename="cvm_shared/cvm_overlay.c">
			<Option compilerVar="CC" />
		</Unit>
		<Unit filename="cvm_shared/cvm_overlay.h" />
		<Unit filename="cvm_shared/cvm_random.h" />
		<Unit filename="cvm_shared/cvm_shader.c">
			<Option compilerVar="CC" />
		</Unit>
		<Unit filename="cvm_shared/cvm_shader.h" />
		<Unit filename="cvm_shared/cvm_shared.h" />
		<Unit filename="cvm_shared/cvm_view.h" />
		<Unit filename="cvm_shared/cvm_widget.c">
			<Option compilerVar="CC" />
		</Unit>
		<Unit filename="cvm_shared/cvm_widget.h" />
		<Unit filename="cvm_shared/themes/cubic.c">
			<Option compilerVar="CC" />
		</Unit>
		<Unit filename="cvm_shared/themes/cubic.h" />
		<Unit filename="cvm_shared/widgets/anchor.c">
			<Option compilerVar="CC" />
		</Unit>
		<Unit filename="cvm_shared/widgets/anchor.h" />
		<Unit filename="cvm_shared/widgets/box.c">
			<Option compilerVar="CC" />
		</Unit>
		<Unit filename="cvm_shared/widgets/box.h" />
		<Unit filename="cvm_shared/widgets/button.c">
			<Option compilerVar="CC" />
		</Unit>
		<Unit filename="cvm_shared/widgets/button.h" />
		<Unit filename="cvm_shared/widgets/container.c">
			<Option compilerVar="CC" />
		</Unit>
		<Unit filename="cvm_shared/widgets/container.h" />
		<Unit filename="cvm_shared/widgets/contiguous_box.c">
			<Option compilerVar="CC" />
		</Unit>
		<Unit filename="cvm_shared/widgets/contiguous_box.h" />
		<Unit filename="cvm_shared/widgets/enterbox.c">
			<Option compilerVar="CC" />
		</Unit>
		<Unit filename="cvm_shared/widgets/enterbox.h" />
		<Unit filename="cvm_shared/widgets/file_search.c">
			<Option compilerVar="CC" />
		</Unit>
		<Unit filename="cvm_shared/widgets/file_search.h" />
		<Unit filename="cvm_shared/widgets/misc.c">
			<Option compilerVar="CC" />
		</Unit>
		<Unit filename="cvm_shared/widgets/misc.h" />
		<Unit filename="cvm_shared/widgets/panel.c">
			<Option compilerVar="CC" />
		</Unit>
		<Unit filename="cvm_shared/widgets/panel.h" />
		<Unit filename="cvm_shared/widgets/popup.c">
			<Option compilerVar="CC" />
		</Unit>
		<Unit filename="cvm_shared/widgets/popup.h" />
		<Unit filename="cvm_shared/widgets/resize_constraint.c">
			<Option compilerVar="CC" />
		</Unit>
		<Unit filename="cvm_shared/widgets/resize_constraint.h" />
		<Unit filename="cvm_shared/widgets/sliderbar.c">
			<Option compilerVar="CC" />
		</Unit>
		<Unit filename="cvm_shared/widgets/sliderbar.h" />
		<Unit filename="cvm_shared/widgets/tab.c">
			<Option compilerVar="CC" />
		</Unit>
		<Unit filename="cvm_shared/widgets/tab.h" />
		<Unit filename="cvm_shared/widgets/text_bar.c">
			<Option compilerVar="CC" />
		</Unit>
		<Unit filename="cvm_shared/widgets/text_bar.h" />
		<Unit filename="cvm_shared/widgets/textbox.c">
			<Option compilerVar="CC" />
		</Unit>
		<Unit filename="cvm_shared/widgets/textbox.h" />
		<Unit filename="framebuffer.c">
			<Option compilerVar="CC" />
		</Unit>
		<Unit filename="framebuffer.h" />
		<Unit filename="headers.h" />
		<Unit filename="input.c">
			<Option compilerVar="CC" />
		</Unit>
		<Unit filename="input.h" />
		<Unit filename="main.c">
			<Option compilerVar="CC" />
		</Unit>
		<Unit filename="render.c">
			<Option compilerVar="CC" />
		</Unit>
		<Unit filename="render.h" />
		<Unit filename="shaders/bezier_face_frag.glsl" />
		<Unit filename="shaders/bezier_face_vert.glsl" />
		<Unit filename="shaders/bezier_frag.glsl" />
		<Unit filename="shaders/bezier_vert.glsl" />
		<Unit filename="shaders/image_display_frag.glsl" />
		<Unit filename="shaders/image_display_vert.glsl" />
		<Unit filename="shaders/line_face_frag.glsl" />
		<Unit filename="shaders/line_face_vert.glsl" />
		<Unit filename="shaders/line_frag.glsl" />
		<Unit filename="shaders/line_vert.glsl" />
		<Unit filename="shaders/overlay_frag.glsl" />
		<Unit filename="shaders/overlay_vert.glsl" />
		<Unit filename="shaders/point_frag.glsl" />
		<Unit filename="shaders/point_vert.glsl" />
		<Unit filename="shaders/supersampling_frag.glsl" />
		<Unit filename="vectorizer.c">
			<Option compilerVar="CC" />
		</Unit>
		<Unit filename="vectorizer.h" />
		<Unit filename="vectorizing/bezier.c">
			<Option compilerVar="CC" />
		</Unit>
		<Unit filename="vectorizing/bezier.h" />
		<Unit filename="vectorizing/cluster_pixels.c">
			<Option compilerVar="CC" />
		</Unit>
		<Unit filename="vectorizing/cluster_pixels.h" />
		<Unit filename="vectorizing/correct_geometry.c">
			<Option compilerVar="CC" />
		</Unit>
		<Unit filename="vectorizing/correct_geometry.h" />
		<Unit filename="vectorizing/export.c">
			<Option compilerVar="CC" />
		</Unit>
		<Unit filename="vectorizing/export.h" />
		<Unit filename="vectorizing/generate_geometry.c">
			<Option compilerVar="CC" />
		</Unit>
		<Unit filename="vectorizing/generate_geometry.h" />
		<Unit filename="vectorizing/image_processing.c">
			<Option compilerVar="CC" />
		</Unit>
		<Unit filename="vectorizing/image_processing.h" />
		<Unit filename="vectorizing/shapes.c">
			<Option compilerVar="CC" />
		</Unit>
		<Unit filename="vectorizing/shapes.h" />
		<Unit filename="vectorizing/smoothing.c">
			<Option compilerVar="CC" />
		</Unit>
		<Unit filename="vectorizing/smoothing.h" />
		<Extensions>
			<code_completion />
			<envvars />
			<lib_finder disable_auto="1" />
			<debugger />
		</Extensions>
	</Project>
</CodeBlocks_project_file>
